
Microsoft Visual Studio Solution File, Format Version 12.00
# Visual Studio 15
VisualStudioVersion = 15.0.27004.2009
MinimumVisualStudioVersion = 10.0.40219.1
Project("{FAE04EC0-301F-11D3-BF4B-00C04F79EFBC}") = "gui_merger", "gui_merger\gui_merger.csproj", "{7367A621-CEA4-4055-8FF9-718F2AC296BE}"
EndProject
Global
	GlobalSection(SolutionConfigurationPlatforms) = preSolution
		Debug|Any CPU = Debug|Any CPU
		Release|Any CPU = Release|Any CPU
	EndGlobalSection
	GlobalSection(ProjectConfigurationPlatforms) = postSolution
		{7367A621-CEA4-4055-8FF9-718F2AC296BE}.Debug|Any CPU.ActiveCfg = Debug|Any CPU
		{7367A621-CEA4-4055-8FF9-718F2AC296BE}.Debug|Any CPU.Build.0 = Debug|Any CPU
		{7367A621-CEA4-4055-8FF9-718F2AC296BE}.Release|Any CPU.ActiveCfg = Release|Any CPU
		{7367A621-CEA4-4055-8FF9-718F2AC296BE}.Release|Any CPU.Build.0 = Release|Any CPU
	EndGlobalSection
	GlobalSection(SolutionProperties) = preSolution
		HideSolutionNode = FALSE
	EndGlobalSection
	GlobalSection(ExtensibilityGlobals) = postSolution
		SolutionGuid = {9036F57D-191F-4BFB-BA84-37F0406062AF}
	EndGlobalSection
EndGlobal
